<?xml version="1.0" encoding="utf-8"?>
<Project ToolsVersion="4.0" xmlns="http://schemas.microsoft.com/developer/msbuild/2003">
  <ItemGroup>
    <Filter Include="Source Files">
      <UniqueIdentifier>{4FC737F1-C7A5-4376-A066-2A32D752A2FF}</UniqueIdentifier>
      <Extensions>cpp;c;cc;cxx;def;odl;idl;hpj;bat;asm;asmx</Extensions>
    </Filter>
    <Filter Include="Header Files">
      <UniqueIdentifier>{93995380-89BD-4b04-88EB-625FBE52EBFB}</UniqueIdentifier>
      <Extensions>h;hh;hpp;hxx;hm;inl;inc;xsd</Extensions>
    </Filter>
    <Filter Include="Resource Files">
      <UniqueIdentifier>{67DA6AB6-F800-4c08-8B7A-83BB121AAD01}</UniqueIdentifier>
      <Extensions>rc;ico;cur;bmp;dlg;rc2;rct;bin;rgs;gif;jpg;jpeg;jpe;resx;tiff;tif;png;wav</Extensions>
    </Filter>
  </ItemGroup>
  <ItemGroup>
    <ClCompile Include="deps\jemalloc\src\base.c">
      <Filter>Source Files</Filter>
    </ClCompile>
    <ClCompile Include="deps\jemalloc\src\quarantine.c">
      <Filter>Source Files</Filter>
    </ClCompile>
    <ClCompile Include="deps\jemalloc\src\chunk_mmap.c">
      <Filter>Source Files</Filter>
    </ClCompile>
    <ClCompile Include="deps\jemalloc\src\ctl.c">
      <Filter>Source Files</Filter>
    </ClCompile>
    <ClCompile Include="deps\jemalloc\src\mb.c">
      <Filter>Source Files</Filter>
    </ClCompile>
    <ClCompile Include="deps\jemalloc\src\huge.c">
      <Filter>Source Files</Filter>
    </ClCompile>
    <ClCompile Include="deps\jemalloc\src\bitmap.c">
      <Filter>Source Files</Filter>
    </ClCompile>
    <ClCompile Include="deps\jemalloc\src\tcache.c">
      <Filter>Source Files</Filter>
    </ClCompile>
    <ClCompile Include="deps\jemalloc\src\zone.c">
      <Filter>Source Files</Filter>
    </ClCompile>
    <ClCompile Include="deps\jemalloc\src\stats.c">
      <Filter>Source Files</Filter>
    </ClCompile>
    <ClCompile Include="deps\jemalloc\src\jemalloc.c">
      <Filter>Source Files</Filter>
    </ClCompile>
    <ClCompile Include="deps\jemalloc\src\pages.c">
      <Filter>Source Files</Filter>
    </ClCompile>
    <ClCompile Include="deps\jemalloc\src\ckh.c">
      <Filter>Source Files</Filter>
    </ClCompile>
    <ClCompile Include="deps\jemalloc\src\atomic.c">
      <Filter>Source Files</Filter>
    </ClCompile>
    <ClCompile Include="deps\jemalloc\src\valgrind.c">
      <Filter>Source Files</Filter>
    </ClCompile>
    <ClCompile Include="deps\jemalloc\src\tsd.c">
      <Filter>Source Files</Filter>
    </ClCompile>
    <ClCompile Include="deps\jemalloc\src\rtree.c">
      <Filter>Source Files</Filter>
    </ClCompile>
    <ClCompile Include="deps\jemalloc\src\mutex.c">
      <Filter>Source Files</Filter>
    </ClCompile>
    <ClCompile Include="deps\jemalloc\src\util.c">
      <Filter>Source Files</Filter>
    </ClCompile>
    <ClCompile Include="deps\jemalloc\src\hash.c">
      <Filter>Source Files</Filter>
    </ClCompile>
    <ClCompile Include="deps\jemalloc\src\arena.c">
      <Filter>Source Files</Filter>
    </ClCompile>
    <ClCompile Include="deps\jemalloc\src\prof.c">
      <Filter>Source Files</Filter>
    </ClCompile>
    <ClCompile Include="deps\jemalloc\src\chunk_dss.c">
      <Filter>Source Files</Filter>
    </ClCompile>
    <ClCompile Include="deps\jemalloc\src\chunk.c">
      <Filter>Source Files</Filter>
    </ClCompile>
    <ClCompile Include="deps\jemalloc\src\extent.c">
      <Filter>Source Files</Filter>
    </ClCompile>
    <ClCompile Include="deps\jemalloc\test\src\thd.c">
      <Filter>Source Files</Filter>
    </ClCompile>
    <ClCompile Include="deps\jemalloc\test\src\timer.c">
      <Filter>Source Files</Filter>
    </ClCompile>
    <ClCompile Include="deps\jemalloc\test\src\btalloc_0.c">
      <Filter>Source Files</Filter>
    </ClCompile>
    <ClCompile Include="deps\jemalloc\test\src\mq.c">
      <Filter>Source Files</Filter>
    </ClCompile>
    <ClCompile Include="deps\jemalloc\test\src\test.c">
      <Filter>Source Files</Filter>
    </ClCompile>
    <ClCompile Include="deps\jemalloc\test\src\btalloc.c">
      <Filter>Source Files</Filter>
    </ClCompile>
    <ClCompile Include="deps\jemalloc\test\src\mtx.c">
      <Filter>Source Files</Filter>
    </ClCompile>
    <ClCompile Include="deps\jemalloc\test\src\math.c">
      <Filter>Source Files</Filter>
    </ClCompile>
    <ClCompile Include="deps\jemalloc\test\src\btalloc_1.c">
      <Filter>Source Files</Filter>
    </ClCompile>
    <ClCompile Include="deps\jemalloc\test\src\SFMT.c">
      <Filter>Source Files</Filter>
    </ClCompile>
    <ClCompile Include="deps\jemalloc\test\unit\quarantine.c">
      <Filter>Source Files</Filter>
    </ClCompile>
    <ClCompile Include="deps\jemalloc\test\unit\prof_idump.c">
      <Filter>Source Files</Filter>
    </ClCompile>
    <ClCompile Include="deps\jemalloc\test\unit\mq.c">
      <Filter>Source Files</Filter>
    </ClCompile>
    <ClCompile Include="deps\jemalloc\test\unit\bitmap.c">
      <Filter>Source Files</Filter>
    </ClCompile>
    <ClCompile Include="deps\jemalloc\test\unit\stats.c">
      <Filter>Source Files</Filter>
    </ClCompile>
    <ClCompile Include="deps\jemalloc\test\unit\ckh.c">
      <Filter>Source Files</Filter>
    </ClCompile>
    <ClCompile Include="deps\jemalloc\test\unit\atomic.c">
      <Filter>Source Files</Filter>
    </ClCompile>
    <ClCompile Include="deps\jemalloc\test\unit\prof_active.c">
      <Filter>Source Files</Filter>
    </ClCompile>
    <ClCompile Include="deps\jemalloc\test\unit\tsd.c">
      <Filter>Source Files</Filter>
    </ClCompile>
    <ClCompile Include="deps\jemalloc\test\unit\prof_gdump.c">
      <Filter>Source Files</Filter>
    </ClCompile>
    <ClCompile Include="deps\jemalloc\test\unit\ql.c">
      <Filter>Source Files</Filter>
    </ClCompile>
    <ClCompile Include="deps\jemalloc\test\unit\zero.c">
      <Filter>Source Files</Filter>
    </ClCompile>
    <ClCompile Include="deps\jemalloc\test\unit\rtree.c">
      <Filter>Source Files</Filter>
    </ClCompile>
    <ClCompile Include="deps\jemalloc\test\unit\size_classes.c">
      <Filter>Source Files</Filter>
    </ClCompile>
    <ClCompile Include="deps\jemalloc\test\unit\prof_thread_name.c">
      <Filter>Source Files</Filter>
    </ClCompile>
    <ClCompile Include="deps\jemalloc\test\unit\mallctl.c">
      <Filter>Source Files</Filter>
    </ClCompile>
    <ClCompile Include="deps\jemalloc\test\unit\mtx.c">
      <Filter>Source Files</Filter>
    </ClCompile>
    <ClCompile Include="deps\jemalloc\test\unit\util.c">
      <Filter>Source Files</Filter>
    </ClCompile>
    <ClCompile Include="deps\jemalloc\test\unit\rb.c">
      <Filter>Source Files</Filter>
    </ClCompile>
    <ClCompile Include="deps\jemalloc\test\unit\math.c">
      <Filter>Source Files</Filter>
    </ClCompile>
    <ClCompile Include="deps\jemalloc\test\unit\hash.c">
      <Filter>Source Files</Filter>
    </ClCompile>
    <ClCompile Include="deps\jemalloc\test\unit\prof_accum.c">
      <Filter>Source Files</Filter>
    </ClCompile>
    <ClCompile Include="deps\jemalloc\test\unit\junk.c">
      <Filter>Source Files</Filter>
    </ClCompile>
    <ClCompile Include="deps\jemalloc\test\unit\prof_reset.c">
      <Filter>Source Files</Filter>
    </ClCompile>
    <ClCompile Include="deps\jemalloc\test\unit\junk_free.c">
      <Filter>Source Files</Filter>
    </ClCompile>
    <ClCompile Include="deps\jemalloc\test\unit\qr.c">
      <Filter>Source Files</Filter>
    </ClCompile>
    <ClCompile Include="deps\jemalloc\test\unit\SFMT.c">
      <Filter>Source Files</Filter>
    </ClCompile>
    <ClCompile Include="deps\jemalloc\test\unit\lg_chunk.c">
      <Filter>Source Files</Filter>
    </ClCompile>
    <ClCompile Include="deps\jemalloc\test\unit\junk_alloc.c">
      <Filter>Source Files</Filter>
    </ClCompile>
    <ClCompile Include="deps\jemalloc\test\stress\microbench.c">
      <Filter>Source Files</Filter>
    </ClCompile>
    <ClCompile Include="deps\jemalloc\test\integration\allocated.c">
      <Filter>Source Files</Filter>
    </ClCompile>
    <ClCompile Include="deps\jemalloc\test\integration\mallocx.c">
      <Filter>Source Files</Filter>
    </ClCompile>
    <ClCompile Include="deps\jemalloc\test\integration\posix_memalign.c">
      <Filter>Source Files</Filter>
    </ClCompile>
    <ClCompile Include="deps\jemalloc\test\integration\thread_arena.c">
      <Filter>Source Files</Filter>
    </ClCompile>
    <ClCompile Include="deps\jemalloc\test\integration\rallocx.c">
      <Filter>Source Files</Filter>
    </ClCompile>
    <ClCompile Include="deps\jemalloc\test\integration\xallocx.c">
      <Filter>Source Files</Filter>
    </ClCompile>
    <ClCompile Include="deps\jemalloc\test\integration\sdallocx.c">
      <Filter>Source Files</Filter>
    </ClCompile>
    <ClCompile Include="deps\jemalloc\test\integration\MALLOCX_ARENA.c">
      <Filter>Source Files</Filter>
    </ClCompile>
    <ClCompile Include="deps\jemalloc\test\integration\thread_tcache_enabled.c">
      <Filter>Source Files</Filter>
    </ClCompile>
    <ClCompile Include="deps\jemalloc\test\integration\overflow.c">
      <Filter>Source Files</Filter>
    </ClCompile>
    <ClCompile Include="deps\jemalloc\test\integration\chunk.c">
      <Filter>Source Files</Filter>
    </ClCompile>
    <ClCompile Include="deps\jemalloc\test\integration\aligned_alloc.c">
      <Filter>Source Files</Filter>
    </ClCompile>
    <ClCompile Include="deps\hiredis\hiredis.c">
      <Filter>Source Files</Filter>
    </ClCompile>
    <ClCompile Include="deps\hiredis\sds.c">
      <Filter>Source Files</Filter>
    </ClCompile>
    <ClCompile Include="deps\hiredis\dict.c">
      <Filter>Source Files</Filter>
    </ClCompile>
    <ClCompile Include="deps\hiredis\test.c">
      <Filter>Source Files</Filter>
    </ClCompile>
    <ClCompile Include="deps\hiredis\async.c">
      <Filter>Source Files</Filter>
    </ClCompile>
    <ClCompile Include="deps\hiredis\net.c">
      <Filter>Source Files</Filter>
    </ClCompile>
    <ClCompile Include="deps\hiredis\read.c">
      <Filter>Source Files</Filter>
    </ClCompile>
    <ClCompile Include="deps\hiredis\examples\example-qt.cpp">
      <Filter>Source Files</Filter>
    </ClCompile>
    <ClCompile Include="deps\hiredis\examples\example-glib.c">
      <Filter>Source Files</Filter>
    </ClCompile>
    <ClCompile Include="deps\hiredis\examples\example-libev.c">
      <Filter>Source Files</Filter>
    </ClCompile>
    <ClCompile Include="deps\hiredis\examples\example-libuv.c">
      <Filter>Source Files</Filter>
    </ClCompile>
    <ClCompile Include="deps\hiredis\examples\example-ae.c">
      <Filter>Source Files</Filter>
    </ClCompile>
    <ClCompile Include="deps\hiredis\examples\example-libevent.c">
      <Filter>Source Files</Filter>
    </ClCompile>
    <ClCompile Include="deps\hiredis\examples\example.c">
      <Filter>Source Files</Filter>
    </ClCompile>
    <ClCompile Include="deps\hiredis\examples\example-macosx.c">
      <Filter>Source Files</Filter>
    </ClCompile>
    <ClCompile Include="deps\hiredis\examples\example-ivykis.c">
      <Filter>Source Files</Filter>
    </ClCompile>
    <ClCompile Include="deps\lua\src\lua_cjson.c">
      <Filter>Source Files</Filter>
    </ClCompile>
    <ClCompile Include="deps\lua\src\loslib.c">
      <Filter>Source Files</Filter>
    </ClCompile>
    <ClCompile Include="deps\lua\src\fpconv.c">
      <Filter>Source Files</Filter>
    </ClCompile>
    <ClCompile Include="deps\lua\src\lzio.c">
      <Filter>Source Files</Filter>
    </ClCompile>
    <ClCompile Include="deps\lua\src\lstate.c">
      <Filter>Source Files</Filter>
    </ClCompile>
    <ClCompile Include="deps\lua\src\ldump.c">
      <Filter>Source Files</Filter>
    </ClCompile>
    <ClCompile Include="deps\lua\src\llex.c">
      <Filter>Source Files</Filter>
    </ClCompile>
    <ClCompile Include="deps\lua\src\loadlib.c">
      <Filter>Source Files</Filter>
    </ClCompile>
    <ClCompile Include="deps\lua\src\lua_cmsgpack.c">
      <Filter>Source Files</Filter>
    </ClCompile>
    <ClCompile Include="deps\lua\src\lua_struct.c">
      <Filter>Source Files</Filter>
    </ClCompile>
    <ClCompile Include="deps\lua\src\lstring.c">
      <Filter>Source Files</Filter>
    </ClCompile>
    <ClCompile Include="deps\lua\src\lapi.c">
      <Filter>Source Files</Filter>
    </ClCompile>
    <ClCompile Include="deps\lua\src\linit.c">
      <Filter>Source Files</Filter>
    </ClCompile>
    <ClCompile Include="deps\lua\src\ltable.c">
      <Filter>Source Files</Filter>
    </ClCompile>
    <ClCompile Include="deps\lua\src\lgc.c">
      <Filter>Source Files</Filter>
    </ClCompile>
    <ClCompile Include="deps\lua\src\lparser.c">
      <Filter>Source Files</Filter>
    </ClCompile>
    <ClCompile Include="deps\lua\src\lbaselib.c">
      <Filter>Source Files</Filter>
    </ClCompile>
    <ClCompile Include="deps\lua\src\lopcodes.c">
      <Filter>Source Files</Filter>
    </ClCompile>
    <ClCompile Include="deps\lua\src\ldebug.c">
      <Filter>Source Files</Filter>
    </ClCompile>
    <ClCompile Include="deps\lua\src\lmathlib.c">
      <Filter>Source Files</Filter>
    </ClCompile>
    <ClCompile Include="deps\lua\src\lmem.c">
      <Filter>Source Files</Filter>
    </ClCompile>
    <ClCompile Include="deps\lua\src\lcode.c">
      <Filter>Source Files</Filter>
    </ClCompile>
    <ClCompile Include="deps\lua\src\liolib.c">
      <Filter>Source Files</Filter>
    </ClCompile>
    <ClCompile Include="deps\lua\src\lfunc.c">
      <Filter>Source Files</Filter>
    </ClCompile>
    <ClCompile Include="deps\lua\src\ldblib.c">
      <Filter>Source Files</Filter>
    </ClCompile>
    <ClCompile Include="deps\lua\src\print.c">
      <Filter>Source Files</Filter>
    </ClCompile>
    <ClCompile Include="deps\lua\src\lobject.c">
      <Filter>Source Files</Filter>
    </ClCompile>
    <ClCompile Include="deps\lua\src\lauxlib.c">
      <Filter>Source Files</Filter>
    </ClCompile>
    <ClCompile Include="deps\lua\src\ldo.c">
      <Filter>Source Files</Filter>
    </ClCompile>
    <ClCompile Include="deps\lua\src\lua_bit.c">
      <Filter>Source Files</Filter>
    </ClCompile>
    <ClCompile Include="deps\lua\src\luac.c">
      <Filter>Source Files</Filter>
    </ClCompile>
    <ClCompile Include="deps\lua\src\ltablib.c">
      <Filter>Source Files</Filter>
    </ClCompile>
    <ClCompile Include="deps\lua\src\ltm.c">
      <Filter>Source Files</Filter>
    </ClCompile>
    <ClCompile Include="deps\lua\src\lstrlib.c">
      <Filter>Source Files</Filter>
    </ClCompile>
    <ClCompile Include="deps\lua\src\lundump.c">
      <Filter>Source Files</Filter>
    </ClCompile>
    <ClCompile Include="deps\lua\src\lvm.c">
      <Filter>Source Files</Filter>
    </ClCompile>
    <ClCompile Include="deps\lua\src\lua.c">
      <Filter>Source Files</Filter>
    </ClCompile>
    <ClCompile Include="deps\lua\src\strbuf.c">
      <Filter>Source Files</Filter>
    </ClCompile>
    <ClCompile Include="deps\lua\etc\all.c">
      <Filter>Source Files</Filter>
    </ClCompile>
    <ClCompile Include="deps\lua\etc\noparser.c">
      <Filter>Source Files</Filter>
    </ClCompile>
    <ClCompile Include="deps\lua\etc\min.c">
      <Filter>Source Files</Filter>
    </ClCompile>
    <ClCompile Include="deps\linenoise\linenoise.c">
      <Filter>Source Files</Filter>
    </ClCompile>
    <ClCompile Include="deps\linenoise\example.c">
      <Filter>Source Files</Filter>
    </ClCompile>
    <ClCompile Include="src\expire.c">
      <Filter>Source Files</Filter>
    </ClCompile>
    <ClCompile Include="src\childinfo.c">
      <Filter>Source Files</Filter>
    </ClCompile>
    <ClCompile Include="src\zmalloc.c">
      <Filter>Source Files</Filter>
    </ClCompile>
    <ClCompile Include="src\notify.c">
      <Filter>Source Files</Filter>
    </ClCompile>
    <ClCompile Include="src\aof.c">
      <Filter>Source Files</Filter>
    </ClCompile>
    <ClCompile Include="src\slowlog.c">
      <Filter>Source Files</Filter>
    </ClCompile>
    <ClCompile Include="src\replication.c">
      <Filter>Source Files</Filter>
    </ClCompile>
    <ClCompile Include="src\t_string.c">
      <Filter>Source Files</Filter>
    </ClCompile>
    <ClCompile Include="src\release.c">
      <Filter>Source Files</Filter>
    </ClCompile>
    <ClCompile Include="src\defrag.c">
      <Filter>Source Files</Filter>
    </ClCompile>
    <ClCompile Include="src\server.c">
      <Filter>Source Files</Filter>
    </ClCompile>
    <ClCompile Include="src\zipmap.c">
      <Filter>Source Files</Filter>
    </ClCompile>
    <ClCompile Include="src\crc64.c">
      <Filter>Source Files</Filter>
    </ClCompile>
    <ClCompile Include="src\syncio.c">
      <Filter>Source Files</Filter>
    </ClCompile>
    <ClCompile Include="src\sentinel.c">
      <Filter>Source Files</Filter>
    </ClCompile>
    <ClCompile Include="src\rdb.c">
      <Filter>Source Files</Filter>
    </ClCompile>
    <ClCompile Include="src\redis-check-rdb.c">
      <Filter>Source Files</Filter>
    </ClCompile>
    <ClCompile Include="src\ae_select.c">
      <Filter>Source Files</Filter>
    </ClCompile>
    <ClCompile Include="src\pqsort.c">
      <Filter>Source Files</Filter>
    </ClCompile>
    <ClCompile Include="src\hyperloglog.c">
      <Filter>Source Files</Filter>
    </ClCompile>
    <ClCompile Include="src\sds.c">
      <Filter>Source Files</Filter>
    </ClCompile>
    <ClCompile Include="src\redis-check-aof.c">
      <Filter>Source Files</Filter>
    </ClCompile>
    <ClCompile Include="src\geo.c">
      <Filter>Source Files</Filter>
    </ClCompile>
    <ClCompile Include="src\dict.c">
      <Filter>Source Files</Filter>
    </ClCompile>
    <ClCompile Include="src\rio.c">
      <Filter>Source Files</Filter>
    </ClCompile>
    <ClCompile Include="src\bio.c">
      <Filter>Source Files</Filter>
    </ClCompile>
    <ClCompile Include="src\quicklist.c">
      <Filter>Source Files</Filter>
    </ClCompile>
    <ClCompile Include="src\geohash_helper.c">
      <Filter>Source Files</Filter>
    </ClCompile>
    <ClCompile Include="src\siphash.c">
      <Filter>Source Files</Filter>
    </ClCompile>
    <ClCompile Include="src\memtest.c">
      <Filter>Source Files</Filter>
    </ClCompile>
    <ClCompile Include="src\lzf_d.c">
      <Filter>Source Files</Filter>
    </ClCompile>
    <ClCompile Include="src\ae_evport.c">
      <Filter>Source Files</Filter>
    </ClCompile>
    <ClCompile Include="src\t_list.c">
      <Filter>Source Files</Filter>
    </ClCompile>
    <ClCompile Include="src\geohash.c">
      <Filter>Source Files</Filter>
    </ClCompile>
    <ClCompile Include="src\debug.c">
      <Filter>Source Files</Filter>
    </ClCompile>
    <ClCompile Include="src\lzf_c.c">
      <Filter>Source Files</Filter>
    </ClCompile>
    <ClCompile Include="src\scripting.c">
      <Filter>Source Files</Filter>
    </ClCompile>
    <ClCompile Include="src\anet.c">
      <Filter>Source Files</Filter>
    </ClCompile>
    <ClCompile Include="src\evict.c">
      <Filter>Source Files</Filter>
    </ClCompile>
    <ClCompile Include="src\networking.c">
      <Filter>Source Files</Filter>
    </ClCompile>
    <ClCompile Include="src\multi.c">
      <Filter>Source Files</Filter>
    </ClCompile>
    <ClCompile Include="src\bitops.c">
      <Filter>Source Files</Filter>
    </ClCompile>
    <ClCompile Include="src\t_zset.c">
      <Filter>Source Files</Filter>
    </ClCompile>
    <ClCompile Include="src\crc16.c">
      <Filter>Source Files</Filter>
    </ClCompile>
    <ClCompile Include="src\ae_kqueue.c">
      <Filter>Source Files</Filter>
    </ClCompile>
    <ClCompile Include="src\config.c">
      <Filter>Source Files</Filter>
    </ClCompile>
    <ClCompile Include="src\intset.c">
      <Filter>Source Files</Filter>
    </ClCompile>
    <ClCompile Include="src\adlist.c">
      <Filter>Source Files</Filter>
    </ClCompile>
    <ClCompile Include="src\cluster.c">
      <Filter>Source Files</Filter>
    </ClCompile>
    <ClCompile Include="src\module.c">
      <Filter>Source Files</Filter>
    </ClCompile>
    <ClCompile Include="src\t_set.c">
      <Filter>Source Files</Filter>
    </ClCompile>
    <ClCompile Include="src\ae_epoll.c">
      <Filter>Source Files</Filter>
    </ClCompile>
    <ClCompile Include="src\redis-benchmark.c">
      <Filter>Source Files</Filter>
    </ClCompile>
    <ClCompile Include="src\redis-cli.c">
      <Filter>Source Files</Filter>
    </ClCompile>
    <ClCompile Include="src\sha1.c">
      <Filter>Source Files</Filter>
    </ClCompile>
    <ClCompile Include="src\t_hash.c">
      <Filter>Source Files</Filter>
    </ClCompile>
    <ClCompile Include="src\sort.c">
      <Filter>Source Files</Filter>
    </ClCompile>
    <ClCompile Include="src\util.c">
      <Filter>Source Files</Filter>
    </ClCompile>
    <ClCompile Include="src\sparkline.c">
      <Filter>Source Files</Filter>
    </ClCompile>
    <ClCompile Include="src\lazyfree.c">
      <Filter>Source Files</Filter>
    </ClCompile>
    <ClCompile Include="src\latency.c">
      <Filter>Source Files</Filter>
    </ClCompile>
    <ClCompile Include="src\setproctitle.c">
      <Filter>Source Files</Filter>
    </ClCompile>
    <ClCompile Include="src\pubsub.c">
      <Filter>Source Files</Filter>
    </ClCompile>
    <ClCompile Include="src\object.c">
      <Filter>Source Files</Filter>
    </ClCompile>
    <ClCompile Include="src\rax.c">
      <Filter>Source Files</Filter>
    </ClCompile>
    <ClCompile Include="src\rand.c">
      <Filter>Source Files</Filter>
    </ClCompile>
    <ClCompile Include="src\db.c">
      <Filter>Source Files</Filter>
    </ClCompile>
    <ClCompile Include="src\ziplist.c">
      <Filter>Source Files</Filter>
    </ClCompile>
    <ClCompile Include="src\blocked.c">
      <Filter>Source Files</Filter>
    </ClCompile>
    <ClCompile Include="src\ae.c">
      <Filter>Source Files</Filter>
    </ClCompile>
    <ClCompile Include="src\endianconv.c">
      <Filter>Source Files</Filter>
    </ClCompile>
    <ClCompile Include="src\modules\hellotype.c">
      <Filter>Source Files</Filter>
    </ClCompile>
    <ClCompile Include="src\modules\helloblock.c">
      <Filter>Source Files</Filter>
    </ClCompile>
    <ClCompile Include="src\modules\helloworld.c">
      <Filter>Source Files</Filter>
    </ClCompile>
    <ClCompile Include="src\modules\testmodule.c">
      <Filter>Source Files</Filter>
    </ClCompile>
    <ClCompile Include="utils\corrupt_rdb.c">
      <Filter>Source Files</Filter>
    </ClCompile>
    <ClCompile Include="utils\hashtable\rehashing.c">
      <Filter>Source Files</Filter>
    </ClCompile>
    <ClCompile Include="utils\lru\lfu-simulation.c">
      <Filter>Source Files</Filter>
    </ClCompile>
  </ItemGroup>
  <ItemGroup>
    <ClInclude Include="deps\jemalloc\include\jemalloc\internal\ckh.h">
      <Filter>Header Files</Filter>
    </ClInclude>
    <ClInclude Include="deps\jemalloc\include\jemalloc\internal\rtree.h">
      <Filter>Header Files</Filter>
    </ClInclude>
    <ClInclude Include="deps\jemalloc\include\jemalloc\internal\base.h">
      <Filter>Header Files</Filter>
    </ClInclude>
    <ClInclude Include="deps\jemalloc\include\jemalloc\internal\chunk.h">
      <Filter>Header Files</Filter>
    </ClInclude>
    <ClInclude Include="deps\jemalloc\include\jemalloc\internal\chunk_dss.h">
      <Filter>Header Files</Filter>
    </ClInclude>
    <ClInclude Include="deps\jemalloc\include\jemalloc\internal\extent.h">
      <Filter>Header Files</Filter>
    </ClInclude>
    <ClInclude Include="deps\jemalloc\include\jemalloc\internal\tcache.h">
      <Filter>Header Files</Filter>
    </ClInclude>
    <ClInclude Include="deps\jemalloc\include\jemalloc\internal\chunk_mmap.h">
      <Filter>Header Files</Filter>
    </ClInclude>
    <ClInclude Include="deps\jemalloc\include\jemalloc\internal\valgrind.h">
      <Filter>Header Files</Filter>
    </ClInclude>
    <ClInclude Include="deps\jemalloc\include\jemalloc\internal\huge.h">
      <Filter>Header Files</Filter>
    </ClInclude>
    <ClInclude Include="deps\jemalloc\include\jemalloc\internal\jemalloc_internal_macros.h">
      <Filter>Header Files</Filter>
    </ClInclude>
    <ClInclude Include="deps\jemalloc\include\jemalloc\internal\jemalloc_internal_decls.h">
      <Filter>Header Files</Filter>
    </ClInclude>
    <ClInclude Include="deps\jemalloc\include\jemalloc\internal\quarantine.h">
      <Filter>Header Files</Filter>
    </ClInclude>
    <ClInclude Include="deps\jemalloc\include\jemalloc\internal\stats.h">
      <Filter>Header Files</Filter>
    </ClInclude>
    <ClInclude Include="deps\jemalloc\include\jemalloc\internal\hash.h">
      <Filter>Header Files</Filter>
    </ClInclude>
    <ClInclude Include="deps\jemalloc\include\jemalloc\internal\bitmap.h">
      <Filter>Header Files</Filter>
    </ClInclude>
    <ClInclude Include="deps\jemalloc\include\jemalloc\internal\pages.h">
      <Filter>Header Files</Filter>
    </ClInclude>
    <ClInclude Include="deps\jemalloc\include\jemalloc\internal\ctl.h">
      <Filter>Header Files</Filter>
    </ClInclude>
    <ClInclude Include="deps\jemalloc\include\jemalloc\internal\tsd.h">
      <Filter>Header Files</Filter>
    </ClInclude>
    <ClInclude Include="deps\jemalloc\include\jemalloc\internal\arena.h">
      <Filter>Header Files</Filter>
    </ClInclude>
    <ClInclude Include="deps\jemalloc\include\jemalloc\internal\util.h">
      <Filter>Header Files</Filter>
    </ClInclude>
    <ClInclude Include="deps\jemalloc\include\jemalloc\internal\mutex.h">
      <Filter>Header Files</Filter>
    </ClInclude>
    <ClInclude Include="deps\jemalloc\include\jemalloc\internal\ql.h">
      <Filter>Header Files</Filter>
    </ClInclude>
    <ClInclude Include="deps\jemalloc\include\jemalloc\internal\atomic.h">
      <Filter>Header Files</Filter>
    </ClInclude>
    <ClInclude Include="deps\jemalloc\include\jemalloc\internal\mb.h">
      <Filter>Header Files</Filter>
    </ClInclude>
    <ClInclude Include="deps\jemalloc\include\jemalloc\internal\qr.h">
      <Filter>Header Files</Filter>
    </ClInclude>
    <ClInclude Include="deps\jemalloc\include\jemalloc\internal\rb.h">
      <Filter>Header Files</Filter>
    </ClInclude>
    <ClInclude Include="deps\jemalloc\include\jemalloc\internal\prof.h">
      <Filter>Header Files</Filter>
    </ClInclude>
    <ClInclude Include="deps\jemalloc\include\jemalloc\internal\prng.h">
      <Filter>Header Files</Filter>
    </ClInclude>
    <ClInclude Include="deps\jemalloc\include\msvc_compat\strings.h">
      <Filter>Header Files</Filter>
    </ClInclude>
    <ClInclude Include="deps\jemalloc\include\msvc_compat\windows_extra.h">
      <Filter>Header Files</Filter>
    </ClInclude>
    <ClInclude Include="deps\jemalloc\include\msvc_compat\c99\stdint.h">
      <Filter>Header Files</Filter>
    </ClInclude>
    <ClInclude Include="deps\jemalloc\include\msvc_compat\c99\stdbool.h">
      <Filter>Header Files</Filter>
    </ClInclude>
    <ClInclude Include="deps\jemalloc\test\include\test\SFMT-params11213.h">
      <Filter>Header Files</Filter>
    </ClInclude>
    <ClInclude Include="deps\jemalloc\test\include\test\SFMT-params216091.h">
      <Filter>Header Files</Filter>
    </ClInclude>
    <ClInclude Include="deps\jemalloc\test\include\test\SFMT-params44497.h">
      <Filter>Header Files</Filter>
    </ClInclude>
    <ClInclude Include="deps\jemalloc\test\include\test\SFMT-params2281.h">
      <Filter>Header Files</Filter>
    </ClInclude>
    <ClInclude Include="deps\jemalloc\test\include\test\SFMT-params86243.h">
      <Filter>Header Files</Filter>
    </ClInclude>
    <ClInclude Include="deps\jemalloc\test\include\test\btalloc.h">
      <Filter>Header Files</Filter>
    </ClInclude>
    <ClInclude Include="deps\jemalloc\test\include\test\mtx.h">
      <Filter>Header Files</Filter>
    </ClInclude>
    <ClInclude Include="deps\jemalloc\test\include\test\thd.h">
      <Filter>Header Files</Filter>
    </ClInclude>
    <ClInclude Include="deps\jemalloc\test\include\test\SFMT-params19937.h">
      <Filter>Header Files</Filter>
    </ClInclude>
    <ClInclude Include="deps\jemalloc\test\include\test\test.h">
      <Filter>Header Files</Filter>
    </ClInclude>
    <ClInclude Include="deps\jemalloc\test\include\test\mq.h">
      <Filter>Header Files</Filter>
    </ClInclude>
    <ClInclude Include="deps\jemalloc\test\include\test\SFMT-params607.h">
      <Filter>Header Files</Filter>
    </ClInclude>
    <ClInclude Include="deps\jemalloc\test\include\test\SFMT-sse2.h">
      <Filter>Header Files</Filter>
    </ClInclude>
    <ClInclude Include="deps\jemalloc\test\include\test\SFMT.h">
      <Filter>Header Files</Filter>
    </ClInclude>
    <ClInclude Include="deps\jemalloc\test\include\test\SFMT-params1279.h">
      <Filter>Header Files</Filter>
    </ClInclude>
    <ClInclude Include="deps\jemalloc\test\include\test\SFMT-params132049.h">
      <Filter>Header Files</Filter>
    </ClInclude>
    <ClInclude Include="deps\jemalloc\test\include\test\timer.h">
      <Filter>Header Files</Filter>
    </ClInclude>
    <ClInclude Include="deps\jemalloc\test\include\test\SFMT-params4253.h">
      <Filter>Header Files</Filter>
    </ClInclude>
    <ClInclude Include="deps\jemalloc\test\include\test\math.h">
      <Filter>Header Files</Filter>
    </ClInclude>
    <ClInclude Include="deps\jemalloc\test\include\test\SFMT-alti.h">
      <Filter>Header Files</Filter>
    </ClInclude>
    <ClInclude Include="deps\jemalloc\test\include\test\SFMT-params.h">
      <Filter>Header Files</Filter>
    </ClInclude>
    <ClInclude Include="deps\hiredis\read.h">
      <Filter>Header Files</Filter>
    </ClInclude>
    <ClInclude Include="deps\hiredis\sdsalloc.h">
      <Filter>Header Files</Filter>
    </ClInclude>
    <ClInclude Include="deps\hiredis\hiredis.h">
      <Filter>Header Files</Filter>
    </ClInclude>
    <ClInclude Include="deps\hiredis\sds.h">
      <Filter>Header Files</Filter>
    </ClInclude>
    <ClInclude Include="deps\hiredis\fmacros.h">
      <Filter>Header Files</Filter>
    </ClInclude>
    <ClInclude Include="deps\hiredis\net.h">
      <Filter>Header Files</Filter>
    </ClInclude>
    <ClInclude Include="deps\hiredis\dict.h">
      <Filter>Header Files</Filter>
    </ClInclude>
    <ClInclude Include="deps\hiredis\async.h">
      <Filter>Header Files</Filter>
    </ClInclude>
    <ClInclude Include="deps\hiredis\win32.h">
      <Filter>Header Files</Filter>
    </ClInclude>
    <ClInclude Include="deps\hiredis\adapters\ivykis.h">
      <Filter>Header Files</Filter>
    </ClInclude>
    <ClInclude Include="deps\hiredis\adapters\glib.h">
      <Filter>Header Files</Filter>
    </ClInclude>
    <ClInclude Include="deps\hiredis\adapters\ae.h">
      <Filter>Header Files</Filter>
    </ClInclude>
    <ClInclude Include="deps\hiredis\adapters\qt.h">
      <Filter>Header Files</Filter>
    </ClInclude>
    <ClInclude Include="deps\hiredis\adapters\libevent.h">
      <Filter>Header Files</Filter>
    </ClInclude>
    <ClInclude Include="deps\hiredis\adapters\macosx.h">
      <Filter>Header Files</Filter>
    </ClInclude>
    <ClInclude Include="deps\hiredis\adapters\libuv.h">
      <Filter>Header Files</Filter>
    </ClInclude>
    <ClInclude Include="deps\hiredis\adapters\libev.h">
      <Filter>Header Files</Filter>
    </ClInclude>
    <ClInclude Include="deps\hiredis\examples\example-qt.h">
      <Filter>Header Files</Filter>
    </ClInclude>
    <ClInclude Include="deps\lua\src\llimits.h">
      <Filter>Header Files</Filter>
    </ClInclude>
    <ClInclude Include="deps\lua\src\lapi.h">
      <Filter>Header Files</Filter>
    </ClInclude>
    <ClInclude Include="deps\lua\src\lfunc.h">
      <Filter>Header Files</Filter>
    </ClInclude>
    <ClInclude Include="deps\lua\src\lgc.h">
      <Filter>Header Files</Filter>
    </ClInclude>
    <ClInclude Include="deps\lua\src\lzio.h">
      <Filter>Header Files</Filter>
    </ClInclude>
    <ClInclude Include="deps\lua\src\lobject.h">
      <Filter>Header Files</Filter>
    </ClInclude>
    <ClInclude Include="deps\lua\src\lstate.h">
      <Filter>Header Files</Filter>
    </ClInclude>
    <ClInclude Include="deps\lua\src\lstring.h">
      <Filter>Header Files</Filter>
    </ClInclude>
    <ClInclude Include="deps\lua\src\lopcodes.h">
      <Filter>Header Files</Filter>
    </ClInclude>
    <ClInclude Include="deps\lua\src\fpconv.h">
      <Filter>Header Files</Filter>
    </ClInclude>
    <ClInclude Include="deps\lua\src\ldo.h">
      <Filter>Header Files</Filter>
    </ClInclude>
    <ClInclude Include="deps\lua\src\lualib.h">
      <Filter>Header Files</Filter>
    </ClInclude>
    <ClInclude Include="deps\lua\src\llex.h">
      <Filter>Header Files</Filter>
    </ClInclude>
    <ClInclude Include="deps\lua\src\lauxlib.h">
      <Filter>Header Files</Filter>
    </ClInclude>
    <ClInclude Include="deps\lua\src\strbuf.h">
      <Filter>Header Files</Filter>
    </ClInclude>
    <ClInclude Include="deps\lua\src\lmem.h">
      <Filter>Header Files</Filter>
    </ClInclude>
    <ClInclude Include="deps\lua\src\luaconf.h">
      <Filter>Header Files</Filter>
    </ClInclude>
    <ClInclude Include="deps\lua\src\lvm.h">
      <Filter>Header Files</Filter>
    </ClInclude>
    <ClInclude Include="deps\lua\src\ldebug.h">
      <Filter>Header Files</Filter>
    </ClInclude>
    <ClInclude Include="deps\lua\src\ltable.h">
      <Filter>Header Files</Filter>
    </ClInclude>
    <ClInclude Include="deps\lua\src\ltm.h">
      <Filter>Header Files</Filter>
    </ClInclude>
    <ClInclude Include="deps\lua\src\lundump.h">
      <Filter>Header Files</Filter>
    </ClInclude>
    <ClInclude Include="deps\lua\src\lparser.h">
      <Filter>Header Files</Filter>
    </ClInclude>
    <ClInclude Include="deps\lua\src\lua.h">
      <Filter>Header Files</Filter>
    </ClInclude>
    <ClInclude Include="deps\lua\src\lcode.h">
      <Filter>Header Files</Filter>
    </ClInclude>
    <ClInclude Include="deps\lua\etc\lua.hpp">
      <Filter>Header Files</Filter>
    </ClInclude>
    <ClInclude Include="deps\linenoise\linenoise.h">
      <Filter>Header Files</Filter>
    </ClInclude>
    <ClInclude Include="src\slowlog.h">
      <Filter>Header Files</Filter>
    </ClInclude>
    <ClInclude Include="src\sparkline.h">
      <Filter>Header Files</Filter>
    </ClInclude>
    <ClInclude Include="src\geo.h">
      <Filter>Header Files</Filter>
    </ClInclude>
    <ClInclude Include="src\solarisfixes.h">
      <Filter>Header Files</Filter>
    </ClInclude>
    <ClInclude Include="src\bio.h">
      <Filter>Header Files</Filter>
    </ClInclude>
    <ClInclude Include="src\rax.h">
      <Filter>Header Files</Filter>
    </ClInclude>
    <ClInclude Include="src\sdsalloc.h">
      <Filter>Header Files</Filter>
    </ClInclude>
    <ClInclude Include="src\endianconv.h">
      <Filter>Header Files</Filter>
    </ClInclude>
    <ClInclude Include="src\cluster.h">
      <Filter>Header Files</Filter>
    </ClInclude>
    <ClInclude Include="src\rand.h">
      <Filter>Header Files</Filter>
    </ClInclude>
    <ClInclude Include="src\asciilogo.h">
      <Filter>Header Files</Filter>
    </ClInclude>
    <ClInclude Include="src\ziplist.h">
      <Filter>Header Files</Filter>
    </ClInclude>
    <ClInclude Include="src\sds.h">
      <Filter>Header Files</Filter>
    </ClInclude>
    <ClInclude Include="src\rio.h">
      <Filter>Header Files</Filter>
    </ClInclude>
    <ClInclude Include="src\ae.h">
      <Filter>Header Files</Filter>
    </ClInclude>
    <ClInclude Include="src\atomicvar.h">
      <Filter>Header Files</Filter>
    </ClInclude>
    <ClInclude Include="src\debugmacro.h">
      <Filter>Header Files</Filter>
    </ClInclude>
    <ClInclude Include="src\pqsort.h">
      <Filter>Header Files</Filter>
    </ClInclude>
    <ClInclude Include="src\config.h">
      <Filter>Header Files</Filter>
    </ClInclude>
    <ClInclude Include="src\lzf.h">
      <Filter>Header Files</Filter>
    </ClInclude>
    <ClInclude Include="src\fmacros.h">
      <Filter>Header Files</Filter>
    </ClInclude>
    <ClInclude Include="src\anet.h">
      <Filter>Header Files</Filter>
    </ClInclude>
    <ClInclude Include="src\dict.h">
      <Filter>Header Files</Filter>
    </ClInclude>
    <ClInclude Include="src\lzfP.h">
      <Filter>Header Files</Filter>
    </ClInclude>
    <ClInclude Include="src\latency.h">
      <Filter>Header Files</Filter>
    </ClInclude>
    <ClInclude Include="src\zmalloc.h">
      <Filter>Header Files</Filter>
    </ClInclude>
    <ClInclude Include="src\sha1.h">
      <Filter>Header Files</Filter>
    </ClInclude>
    <ClInclude Include="src\adlist.h">
      <Filter>Header Files</Filter>
    </ClInclude>
    <ClInclude Include="src\util.h">
      <Filter>Header Files</Filter>
    </ClInclude>
    <ClInclude Include="src\help.h">
      <Filter>Header Files</Filter>
    </ClInclude>
    <ClInclude Include="src\redisassert.h">
      <Filter>Header Files</Filter>
    </ClInclude>
    <ClInclude Include="src\geohash.h">
      <Filter>Header Files</Filter>
    </ClInclude>
    <ClInclude Include="src\redismodule.h">
      <Filter>Header Files</Filter>
    </ClInclude>
    <ClInclude Include="src\version.h">
      <Filter>Header Files</Filter>
    </ClInclude>
    <ClInclude Include="src\geohash_helper.h">
      <Filter>Header Files</Filter>
    </ClInclude>
    <ClInclude Include="src\quicklist.h">
      <Filter>Header Files</Filter>
    </ClInclude>
    <ClInclude Include="src\intset.h">
      <Filter>Header Files</Filter>
    </ClInclude>
    <ClInclude Include="src\testhelp.h">
      <Filter>Header Files</Filter>
    </ClInclude>
    <ClInclude Include="src\crc64.h">
      <Filter>Header Files</Filter>
    </ClInclude>
    <ClInclude Include="src\zipmap.h">
      <Filter>Header Files</Filter>
    </ClInclude>
    <ClInclude Include="src\server.h">
      <Filter>Header Files</Filter>
    </ClInclude>
    <ClInclude Include="src\rdb.h">
      <Filter>Header Files</Filter>
    </ClInclude>
    <ClInclude Include="src\rax_malloc.h">
      <Filter>Header Files</Filter>
    </ClInclude>
  </ItemGroup>
  <ItemGroup>
    <None Include="deps\jemalloc\doc\jemalloc.html" />
    <None Include="deps\lua\doc\luac.html" />
    <None Include="deps\lua\doc\lua.html" />
    <None Include="deps\lua\doc\readme.html" />
    <None Include="deps\lua\doc\manual.html" />
    <None Include="deps\lua\doc\contents.html" />
  </ItemGroup>
</Project>